
Microsoft Visual Studio Solution File, Format Version 12.00
# Visual Studio Version 16
VisualStudioVersion = 16.0.29613.14
MinimumVisualStudioVersion = 10.0.40219.1
Project("{FAE04EC0-301F-11D3-BF4B-00C04F79EFBC}") = "CanvasEngine", "CanvasEngine.csproj", "{BA293133-9A49-44D5-AFBD-9D0029271143}"
EndProject
Global
	GlobalSection(SolutionConfigurationPlatforms) = preSolution
		Debug|Any CPU = Debug|Any CPU
		Release|Any CPU = Release|Any CPU
	EndGlobalSection
	GlobalSection(ProjectConfigurationPlatforms) = postSolution
		{BA293133-9A49-44D5-AFBD-9D0029271143}.Debug|Any CPU.ActiveCfg = Debug|Any CPU
		{BA293133-9A49-44D5-AFBD-9D0029271143}.Debug|Any CPU.Build.0 = Debug|Any CPU
		{BA293133-9A49-44D5-AFBD-9D0029271143}.Release|Any CPU.ActiveCfg = Release|Any CPU
		{BA293133-9A49-44D5-AFBD-9D0029271143}.Release|Any CPU.Build.0 = Release|Any CPU
	EndGlobalSection
	GlobalSection(SolutionProperties) = preSolution
		HideSolutionNode = FALSE
	EndGlobalSection
	GlobalSection(ExtensibilityGlobals) = postSolution
		SolutionGuid = {EABF9174-E6BF-4441-9F74-25E0EAA2D25C}
	EndGlobalSection
EndGlobal
